
Microsoft Visual Studio Solution File, Format Version 12.00
# Visual Studio Version 17
VisualStudioVersion = 17.3.32929.385
MinimumVisualStudioVersion = 10.0.40219.1
Project("{9A19103F-16F7-4668-BE54-9A1E7A4F7556}") = "API.Internship", "..\API.Internship\API.Internship.csproj", "{BA3236B8-C063-495C-9C40-F7E69ACF41DE}"
EndProject
Project("{9A19103F-16F7-4668-BE54-9A1E7A4F7556}") = "API.Internship.OPS", "..\API.Internship.OPS\API.Internship.OPS.csproj", "{1F926AF2-A011-4B62-9A39-E94C833BD1B9}"
EndProject
Global
	GlobalSection(SolutionConfigurationPlatforms) = preSolution
		Debug|Any CPU = Debug|Any CPU
		Release|Any CPU = Release|Any CPU
	EndGlobalSection
	GlobalSection(ProjectConfigurationPlatforms) = postSolution
		{BA3236B8-C063-495C-9C40-F7E69ACF41DE}.Debug|Any CPU.ActiveCfg = Debug|Any CPU
		{BA3236B8-C063-495C-9C40-F7E69ACF41DE}.Debug|Any CPU.Build.0 = Debug|Any CPU
		{BA3236B8-C063-495C-9C40-F7E69ACF41DE}.Release|Any CPU.ActiveCfg = Release|Any CPU
		{BA3236B8-C063-495C-9C40-F7E69ACF41DE}.Release|Any CPU.Build.0 = Release|Any CPU
		{1F926AF2-A011-4B62-9A39-E94C833BD1B9}.Debug|Any CPU.ActiveCfg = Debug|Any CPU
		{1F926AF2-A011-4B62-9A39-E94C833BD1B9}.Debug|Any CPU.Build.0 = Debug|Any CPU
		{1F926AF2-A011-4B62-9A39-E94C833BD1B9}.Release|Any CPU.ActiveCfg = Release|Any CPU
		{1F926AF2-A011-4B62-9A39-E94C833BD1B9}.Release|Any CPU.Build.0 = Release|Any CPU
	EndGlobalSection
	GlobalSection(SolutionProperties) = preSolution
		HideSolutionNode = FALSE
	EndGlobalSection
	GlobalSection(ExtensibilityGlobals) = postSolution
		SolutionGuid = {F7C1B793-5920-439F-8E56-51B49AA77C52}
	EndGlobalSection
EndGlobal
